
Microsoft Visual Studio Solution File, Format Version 12.00
# Visual Studio Version 17
VisualStudioVersion = 17.1.32210.238
MinimumVisualStudioVersion = 10.0.40219.1
Project("{9A19103F-16F7-4668-BE54-9A1E7A4F7556}") = "TourPlanner", "TourPlanner\TourPlanner.csproj", "{DDA9BA1F-0A0C-47D2-866A-CA026D5C4A8E}"
EndProject
Project("{9A19103F-16F7-4668-BE54-9A1E7A4F7556}") = "TourPlanner.BusinessLayer", "TourPlanner.BusinessLayer\TourPlanner.BusinessLayer.csproj", "{0D2A02B7-6161-4B76-A322-80C4E4E1B929}"
EndProject
Project("{9A19103F-16F7-4668-BE54-9A1E7A4F7556}") = "TourPlanner.DataAccessLayer", "TourPlanner.DataAccessLayer\TourPlanner.DataAccessLayer.csproj", "{49484447-63D3-4387-ADBD-BDE290C13A29}"
EndProject
Project("{9A19103F-16F7-4668-BE54-9A1E7A4F7556}") = "TourPlanner.Models", "TourPlanner.Models\TourPlanner.Models.csproj", "{27FD5BBB-AA47-406B-AE9A-7C5F1892CF28}"
EndProject
Global
	GlobalSection(SolutionConfigurationPlatforms) = preSolution
		Debug|Any CPU = Debug|Any CPU
		Release|Any CPU = Release|Any CPU
	EndGlobalSection
	GlobalSection(ProjectConfigurationPlatforms) = postSolution
		{DDA9BA1F-0A0C-47D2-866A-CA026D5C4A8E}.Debug|Any CPU.ActiveCfg = Debug|Any CPU
		{DDA9BA1F-0A0C-47D2-866A-CA026D5C4A8E}.Debug|Any CPU.Build.0 = Debug|Any CPU
		{DDA9BA1F-0A0C-47D2-866A-CA026D5C4A8E}.Release|Any CPU.ActiveCfg = Release|Any CPU
		{DDA9BA1F-0A0C-47D2-866A-CA026D5C4A8E}.Release|Any CPU.Build.0 = Release|Any CPU
		{0D2A02B7-6161-4B76-A322-80C4E4E1B929}.Debug|Any CPU.ActiveCfg = Debug|Any CPU
		{0D2A02B7-6161-4B76-A322-80C4E4E1B929}.Debug|Any CPU.Build.0 = Debug|Any CPU
		{0D2A02B7-6161-4B76-A322-80C4E4E1B929}.Release|Any CPU.ActiveCfg = Release|Any CPU
		{0D2A02B7-6161-4B76-A322-80C4E4E1B929}.Release|Any CPU.Build.0 = Release|Any CPU
		{49484447-63D3-4387-ADBD-BDE290C13A29}.Debug|Any CPU.ActiveCfg = Debug|Any CPU
		{49484447-63D3-4387-ADBD-BDE290C13A29}.Debug|Any CPU.Build.0 = Debug|Any CPU
		{49484447-63D3-4387-ADBD-BDE290C13A29}.Release|Any CPU.ActiveCfg = Release|Any CPU
		{49484447-63D3-4387-ADBD-BDE290C13A29}.Release|Any CPU.Build.0 = Release|Any CPU
		{27FD5BBB-AA47-406B-AE9A-7C5F1892CF28}.Debug|Any CPU.ActiveCfg = Debug|Any CPU
		{27FD5BBB-AA47-406B-AE9A-7C5F1892CF28}.Debug|Any CPU.Build.0 = Debug|Any CPU
		{27FD5BBB-AA47-406B-AE9A-7C5F1892CF28}.Release|Any CPU.ActiveCfg = Release|Any CPU
		{27FD5BBB-AA47-406B-AE9A-7C5F1892CF28}.Release|Any CPU.Build.0 = Release|Any CPU
	EndGlobalSection
	GlobalSection(SolutionProperties) = preSolution
		HideSolutionNode = FALSE
	EndGlobalSection
	GlobalSection(ExtensibilityGlobals) = postSolution
		SolutionGuid = {0325EAA7-2CF6-4A2F-B4F1-96869958739D}
	EndGlobalSection
EndGlobal
