
Microsoft Visual Studio Solution File, Format Version 12.00
# Visual Studio Version 17
VisualStudioVersion = 17.1.32210.238
MinimumVisualStudioVersion = 10.0.40219.1
Project("{9A19103F-16F7-4668-BE54-9A1E7A4F7556}") = "TourPlanner", "TourPlanner\TourPlanner.csproj", "{DDA9BA1F-0A0C-47D2-866A-CA026D5C4A8E}"
EndProject
Project("{9A19103F-16F7-4668-BE54-9A1E7A4F7556}") = "TourPlanner.Models", "Models\TourPlanner.Models.csproj", "{81873986-753A-4C1C-AA36-BF9FD8337492}"
EndProject
Project("{9A19103F-16F7-4668-BE54-9A1E7A4F7556}") = "TourPlanner.BusinessLayer", "BusinessLayer\TourPlanner.BusinessLayer.csproj", "{15F02721-6651-4020-9B72-4A58039E2B90}"
EndProject
Project("{9A19103F-16F7-4668-BE54-9A1E7A4F7556}") = "TourPlanner.DataAccessLayer", "DataAccessLayer\TourPlanner.DataAccessLayer.csproj", "{ADFC8484-8EB1-4D1B-BB8F-781D5216FA71}"
EndProject
Global
	GlobalSection(SolutionConfigurationPlatforms) = preSolution
		Debug|Any CPU = Debug|Any CPU
		Release|Any CPU = Release|Any CPU
	EndGlobalSection
	GlobalSection(ProjectConfigurationPlatforms) = postSolution
		{DDA9BA1F-0A0C-47D2-866A-CA026D5C4A8E}.Debug|Any CPU.ActiveCfg = Debug|Any CPU
		{DDA9BA1F-0A0C-47D2-866A-CA026D5C4A8E}.Debug|Any CPU.Build.0 = Debug|Any CPU
		{DDA9BA1F-0A0C-47D2-866A-CA026D5C4A8E}.Release|Any CPU.ActiveCfg = Release|Any CPU
		{DDA9BA1F-0A0C-47D2-866A-CA026D5C4A8E}.Release|Any CPU.Build.0 = Release|Any CPU
		{81873986-753A-4C1C-AA36-BF9FD8337492}.Debug|Any CPU.ActiveCfg = Debug|Any CPU
		{81873986-753A-4C1C-AA36-BF9FD8337492}.Debug|Any CPU.Build.0 = Debug|Any CPU
		{81873986-753A-4C1C-AA36-BF9FD8337492}.Release|Any CPU.ActiveCfg = Release|Any CPU
		{81873986-753A-4C1C-AA36-BF9FD8337492}.Release|Any CPU.Build.0 = Release|Any CPU
		{15F02721-6651-4020-9B72-4A58039E2B90}.Debug|Any CPU.ActiveCfg = Debug|Any CPU
		{15F02721-6651-4020-9B72-4A58039E2B90}.Debug|Any CPU.Build.0 = Debug|Any CPU
		{15F02721-6651-4020-9B72-4A58039E2B90}.Release|Any CPU.ActiveCfg = Release|Any CPU
		{15F02721-6651-4020-9B72-4A58039E2B90}.Release|Any CPU.Build.0 = Release|Any CPU
		{ADFC8484-8EB1-4D1B-BB8F-781D5216FA71}.Debug|Any CPU.ActiveCfg = Debug|Any CPU
		{ADFC8484-8EB1-4D1B-BB8F-781D5216FA71}.Debug|Any CPU.Build.0 = Debug|Any CPU
		{ADFC8484-8EB1-4D1B-BB8F-781D5216FA71}.Release|Any CPU.ActiveCfg = Release|Any CPU
		{ADFC8484-8EB1-4D1B-BB8F-781D5216FA71}.Release|Any CPU.Build.0 = Release|Any CPU
	EndGlobalSection
	GlobalSection(SolutionProperties) = preSolution
		HideSolutionNode = FALSE
	EndGlobalSection
	GlobalSection(ExtensibilityGlobals) = postSolution
		SolutionGuid = {0325EAA7-2CF6-4A2F-B4F1-96869958739D}
	EndGlobalSection
EndGlobal
